
Microsoft Visual Studio Solution File, Format Version 12.00
# Visual Studio Version 17
VisualStudioVersion = 17.0.31912.275
MinimumVisualStudioVersion = 10.0.40219.1
Project("{9A19103F-16F7-4668-BE54-9A1E7A4F7556}") = "Battlefield.Api", "Battlefield.Api\Battlefield.Api.csproj", "{2D1E0348-FB10-4583-BAFE-25673CBB0933}"
EndProject
Project("{9A19103F-16F7-4668-BE54-9A1E7A4F7556}") = "Battlefield.Core", "Battlefield.Core\Battlefield.Core.csproj", "{63C68643-05E1-4365-9BE1-3C3D514EFC2D}"
EndProject
Project("{9A19103F-16F7-4668-BE54-9A1E7A4F7556}") = "Battlefield.Infrastructure", "Battlefield.Infrastructure\Battlefield.Infrastructure.csproj", "{2B45A38D-950A-4E4F-BB0F-FD882A925AE4}"
EndProject
Project("{9A19103F-16F7-4668-BE54-9A1E7A4F7556}") = "Battlefield.Tests", "Battlefield.Tests\Battlefield.Tests.csproj", "{4CB1D2CE-61C7-45FE-AA42-3C9234787265}"
EndProject
Project("{2150E333-8FDC-42A3-9474-1A3956D46DE8}") = "Solution Items", "Solution Items", "{A67DC5D6-4EF5-4C6D-B24C-32CE627864BC}"
	ProjectSection(SolutionItems) = preProject
		.gitignore = .gitignore
	EndProjectSection
EndProject
Project("{9A19103F-16F7-4668-BE54-9A1E7A4F7556}") = "Battlefield.Tests.EndToEnd", "Battlefield.Tests.EndToEnd\Battlefield.Tests.EndToEnd.csproj", "{F7FFB5B7-DBA6-4B55-81D5-153B469E091D}"
	ProjectSection(ProjectDependencies) = postProject
		{63C68643-05E1-4365-9BE1-3C3D514EFC2D} = {63C68643-05E1-4365-9BE1-3C3D514EFC2D}
		{2D1E0348-FB10-4583-BAFE-25673CBB0933} = {2D1E0348-FB10-4583-BAFE-25673CBB0933}
		{2B45A38D-950A-4E4F-BB0F-FD882A925AE4} = {2B45A38D-950A-4E4F-BB0F-FD882A925AE4}
	EndProjectSection
EndProject
Global
	GlobalSection(SolutionConfigurationPlatforms) = preSolution
		Debug|Any CPU = Debug|Any CPU
		Release|Any CPU = Release|Any CPU
	EndGlobalSection
	GlobalSection(ProjectConfigurationPlatforms) = postSolution
		{2D1E0348-FB10-4583-BAFE-25673CBB0933}.Debug|Any CPU.ActiveCfg = Debug|Any CPU
		{2D1E0348-FB10-4583-BAFE-25673CBB0933}.Debug|Any CPU.Build.0 = Debug|Any CPU
		{2D1E0348-FB10-4583-BAFE-25673CBB0933}.Release|Any CPU.ActiveCfg = Release|Any CPU
		{2D1E0348-FB10-4583-BAFE-25673CBB0933}.Release|Any CPU.Build.0 = Release|Any CPU
		{63C68643-05E1-4365-9BE1-3C3D514EFC2D}.Debug|Any CPU.ActiveCfg = Debug|Any CPU
		{63C68643-05E1-4365-9BE1-3C3D514EFC2D}.Debug|Any CPU.Build.0 = Debug|Any CPU
		{63C68643-05E1-4365-9BE1-3C3D514EFC2D}.Release|Any CPU.ActiveCfg = Release|Any CPU
		{63C68643-05E1-4365-9BE1-3C3D514EFC2D}.Release|Any CPU.Build.0 = Release|Any CPU
		{2B45A38D-950A-4E4F-BB0F-FD882A925AE4}.Debug|Any CPU.ActiveCfg = Debug|Any CPU
		{2B45A38D-950A-4E4F-BB0F-FD882A925AE4}.Debug|Any CPU.Build.0 = Debug|Any CPU
		{2B45A38D-950A-4E4F-BB0F-FD882A925AE4}.Release|Any CPU.ActiveCfg = Release|Any CPU
		{2B45A38D-950A-4E4F-BB0F-FD882A925AE4}.Release|Any CPU.Build.0 = Release|Any CPU
		{4CB1D2CE-61C7-45FE-AA42-3C9234787265}.Debug|Any CPU.ActiveCfg = Debug|Any CPU
		{4CB1D2CE-61C7-45FE-AA42-3C9234787265}.Debug|Any CPU.Build.0 = Debug|Any CPU
		{4CB1D2CE-61C7-45FE-AA42-3C9234787265}.Release|Any CPU.ActiveCfg = Release|Any CPU
		{4CB1D2CE-61C7-45FE-AA42-3C9234787265}.Release|Any CPU.Build.0 = Release|Any CPU
		{F7FFB5B7-DBA6-4B55-81D5-153B469E091D}.Debug|Any CPU.ActiveCfg = Debug|Any CPU
		{F7FFB5B7-DBA6-4B55-81D5-153B469E091D}.Debug|Any CPU.Build.0 = Debug|Any CPU
		{F7FFB5B7-DBA6-4B55-81D5-153B469E091D}.Release|Any CPU.ActiveCfg = Release|Any CPU
		{F7FFB5B7-DBA6-4B55-81D5-153B469E091D}.Release|Any CPU.Build.0 = Release|Any CPU
	EndGlobalSection
	GlobalSection(SolutionProperties) = preSolution
		HideSolutionNode = FALSE
	EndGlobalSection
	GlobalSection(ExtensibilityGlobals) = postSolution
		SolutionGuid = {8D6C631D-98A8-4FB9-9E09-375B0CFE3022}
	EndGlobalSection
EndGlobal
